
Microsoft Visual Studio Solution File, Format Version 12.00
# Visual Studio 15
VisualStudioVersion = 15.0.28010.2026
MinimumVisualStudioVersion = 10.0.40219.1
Project("{8BC9CEB8-8B4A-11D0-8D11-00A0C91BC942}") = "GR5260", "GR5260.vcxproj", "{BAFF5A30-3D7F-426F-9820-FE7AFE7BC018}"
EndProject
Project("{8BC9CEB8-8B4A-11D0-8D11-00A0C91BC942}") = "xllfms", "..\xllfms\xllfms.vcxproj", "{C200A2F2-2D17-4DA3-8892-5DD9C4A3D20F}"
EndProject
Project("{8BC9CEB8-8B4A-11D0-8D11-00A0C91BC942}") = "xll12", "..\xll12\xll12.vcxproj", "{3563C165-8A72-4BE5-B8AF-FD5904C9030E}"
EndProject
Global
	GlobalSection(SolutionConfigurationPlatforms) = preSolution
		Debug|x64 = Debug|x64
		Debug|x86 = Debug|x86
		Release|x64 = Release|x64
		Release|x86 = Release|x86
	EndGlobalSection
	GlobalSection(ProjectConfigurationPlatforms) = postSolution
		{BAFF5A30-3D7F-426F-9820-FE7AFE7BC018}.Debug|x64.ActiveCfg = Debug|x64
		{BAFF5A30-3D7F-426F-9820-FE7AFE7BC018}.Debug|x64.Build.0 = Debug|x64
		{BAFF5A30-3D7F-426F-9820-FE7AFE7BC018}.Debug|x86.ActiveCfg = Debug|Win32
		{BAFF5A30-3D7F-426F-9820-FE7AFE7BC018}.Debug|x86.Build.0 = Debug|Win32
		{BAFF5A30-3D7F-426F-9820-FE7AFE7BC018}.Release|x64.ActiveCfg = Release|x64
		{BAFF5A30-3D7F-426F-9820-FE7AFE7BC018}.Release|x64.Build.0 = Release|x64
		{BAFF5A30-3D7F-426F-9820-FE7AFE7BC018}.Release|x86.ActiveCfg = Release|Win32
		{BAFF5A30-3D7F-426F-9820-FE7AFE7BC018}.Release|x86.Build.0 = Release|Win32
		{C200A2F2-2D17-4DA3-8892-5DD9C4A3D20F}.Debug|x64.ActiveCfg = Debug|x64
		{C200A2F2-2D17-4DA3-8892-5DD9C4A3D20F}.Debug|x64.Build.0 = Debug|x64
		{C200A2F2-2D17-4DA3-8892-5DD9C4A3D20F}.Debug|x86.ActiveCfg = Debug|Win32
		{C200A2F2-2D17-4DA3-8892-5DD9C4A3D20F}.Debug|x86.Build.0 = Debug|Win32
		{C200A2F2-2D17-4DA3-8892-5DD9C4A3D20F}.Release|x64.ActiveCfg = Release|x64
		{C200A2F2-2D17-4DA3-8892-5DD9C4A3D20F}.Release|x64.Build.0 = Release|x64
		{C200A2F2-2D17-4DA3-8892-5DD9C4A3D20F}.Release|x86.ActiveCfg = Release|Win32
		{C200A2F2-2D17-4DA3-8892-5DD9C4A3D20F}.Release|x86.Build.0 = Release|Win32
		{3563C165-8A72-4BE5-B8AF-FD5904C9030E}.Debug|x64.ActiveCfg = Debug|x64
		{3563C165-8A72-4BE5-B8AF-FD5904C9030E}.Debug|x64.Build.0 = Debug|x64
		{3563C165-8A72-4BE5-B8AF-FD5904C9030E}.Debug|x86.ActiveCfg = Debug|Win32
		{3563C165-8A72-4BE5-B8AF-FD5904C9030E}.Debug|x86.Build.0 = Debug|Win32
		{3563C165-8A72-4BE5-B8AF-FD5904C9030E}.Release|x64.ActiveCfg = Release|x64
		{3563C165-8A72-4BE5-B8AF-FD5904C9030E}.Release|x64.Build.0 = Release|x64
		{3563C165-8A72-4BE5-B8AF-FD5904C9030E}.Release|x86.ActiveCfg = Release|Win32
		{3563C165-8A72-4BE5-B8AF-FD5904C9030E}.Release|x86.Build.0 = Release|Win32
	EndGlobalSection
	GlobalSection(SolutionProperties) = preSolution
		HideSolutionNode = FALSE
	EndGlobalSection
	GlobalSection(ExtensibilityGlobals) = postSolution
		SolutionGuid = {A16126D6-5C75-4589-AA72-100DADE9566A}
	EndGlobalSection
EndGlobal
